
Microsoft Visual Studio Solution File, Format Version 12.00
# Visual Studio Version 17
VisualStudioVersion = 17.1.32319.34
MinimumVisualStudioVersion = 10.0.40219.1
Project("{9A19103F-16F7-4668-BE54-9A1E7A4F7556}") = "Factory_Method", "Factory_Method\Factory_Method.csproj", "{1050BAAF-7204-49D3-A7C4-685C00C64DAD}"
EndProject
Project("{9A19103F-16F7-4668-BE54-9A1E7A4F7556}") = "Abstract_Factory", "Abstract_Factory\Abstract_Factory.csproj", "{DA52108E-714C-4966-8B78-D8B321D033A2}"
EndProject
Project("{9A19103F-16F7-4668-BE54-9A1E7A4F7556}") = "Builder", "Builder\Builder.csproj", "{AE2FE222-35CA-41DD-A0F2-41056E4D3BAD}"
EndProject
Project("{9A19103F-16F7-4668-BE54-9A1E7A4F7556}") = "Prototype", "Prototype\Prototype.csproj", "{752516DF-E126-40F6-8445-7BBCE88896FA}"
EndProject
Project("{9A19103F-16F7-4668-BE54-9A1E7A4F7556}") = "Singleton", "Singleton\Singleton.csproj", "{9AFE3C8A-5731-4EEB-A7EB-376FCCD1B39E}"
EndProject
Project("{9A19103F-16F7-4668-BE54-9A1E7A4F7556}") = "Adapter", "Adapter\Adapter.csproj", "{00023DD4-0042-476C-92C1-066A53B6CD98}"
EndProject
Project("{9A19103F-16F7-4668-BE54-9A1E7A4F7556}") = "Bridge", "Bridge\Bridge.csproj", "{74EDF06F-2777-42C2-8129-3F421246EF4C}"
EndProject
Project("{2150E333-8FDC-42A3-9474-1A3956D46DE8}") = "Generative", "Generative", "{661734AF-8A60-4E7E-AA13-599CFB077999}"
EndProject
Project("{2150E333-8FDC-42A3-9474-1A3956D46DE8}") = "Structure", "Structure", "{7E484E5E-E2B8-4B56-A108-14C6FF6DA12C}"
EndProject
Project("{9A19103F-16F7-4668-BE54-9A1E7A4F7556}") = "Composite", "Composite\Composite.csproj", "{114DEF1A-9EC6-4D97-9834-03AEBF399BA2}"
EndProject
Project("{9A19103F-16F7-4668-BE54-9A1E7A4F7556}") = "Decorator(Wrapper)", "Decorator(Wrapper)\Decorator(Wrapper).csproj", "{8083FD78-2EEA-4D71-B1CA-7AF66D3DA10D}"
EndProject
Project("{9A19103F-16F7-4668-BE54-9A1E7A4F7556}") = "Facade", "Facade\Facade.csproj", "{A662A826-8DB4-4ECF-97F5-B48A424C958E}"
EndProject
Project("{9A19103F-16F7-4668-BE54-9A1E7A4F7556}") = "Flyweight", "Lightweight\Flyweight.csproj", "{0AAFBEB6-F43D-4FC0-AC18-186DF52C7045}"
EndProject
Project("{9A19103F-16F7-4668-BE54-9A1E7A4F7556}") = "Proxy", "Proxy\Proxy.csproj", "{DFB228CA-3387-46C7-8B7F-5AB4E629E5B3}"
EndProject
Project("{2150E333-8FDC-42A3-9474-1A3956D46DE8}") = "Behavioral", "Behavioral", "{E8BDFC14-D8AC-4716-A54A-EF6394C8A87E}"
EndProject
Project("{9A19103F-16F7-4668-BE54-9A1E7A4F7556}") = "ChainOfResponsibility", "ChainOfResponsibility\ChainOfResponsibility.csproj", "{F775D99B-DCFF-4E56-8A51-F67FEAFDE581}"
EndProject
Project("{9A19103F-16F7-4668-BE54-9A1E7A4F7556}") = "Command", "Command\Command.csproj", "{CBA1C570-DEC7-429F-B39C-B764A18903CE}"
EndProject
Project("{9A19103F-16F7-4668-BE54-9A1E7A4F7556}") = "Iterator", "Iterator\Iterator.csproj", "{BF2B1571-57AA-4449-A129-B59C2FC2C222}"
EndProject
Project("{9A19103F-16F7-4668-BE54-9A1E7A4F7556}") = "VisualGraphTraversal", "VisualGraphTraversal\VisualGraphTraversal.csproj", "{E1AA4108-969E-4502-B3A4-3D16C25520C7}"
EndProject
Project("{FAE04EC0-301F-11D3-BF4B-00C04F79EFBC}") = "Mediator", "Mediator\Mediator.csproj", "{15C19F52-0BFA-4365-A525-A01E681D5C15}"
EndProject
Global
	GlobalSection(SolutionConfigurationPlatforms) = preSolution
		Debug|Any CPU = Debug|Any CPU
		Release|Any CPU = Release|Any CPU
	EndGlobalSection
	GlobalSection(ProjectConfigurationPlatforms) = postSolution
		{1050BAAF-7204-49D3-A7C4-685C00C64DAD}.Debug|Any CPU.ActiveCfg = Debug|Any CPU
		{1050BAAF-7204-49D3-A7C4-685C00C64DAD}.Debug|Any CPU.Build.0 = Debug|Any CPU
		{1050BAAF-7204-49D3-A7C4-685C00C64DAD}.Release|Any CPU.ActiveCfg = Release|Any CPU
		{1050BAAF-7204-49D3-A7C4-685C00C64DAD}.Release|Any CPU.Build.0 = Release|Any CPU
		{DA52108E-714C-4966-8B78-D8B321D033A2}.Debug|Any CPU.ActiveCfg = Debug|Any CPU
		{DA52108E-714C-4966-8B78-D8B321D033A2}.Debug|Any CPU.Build.0 = Debug|Any CPU
		{DA52108E-714C-4966-8B78-D8B321D033A2}.Release|Any CPU.ActiveCfg = Release|Any CPU
		{DA52108E-714C-4966-8B78-D8B321D033A2}.Release|Any CPU.Build.0 = Release|Any CPU
		{AE2FE222-35CA-41DD-A0F2-41056E4D3BAD}.Debug|Any CPU.ActiveCfg = Debug|Any CPU
		{AE2FE222-35CA-41DD-A0F2-41056E4D3BAD}.Debug|Any CPU.Build.0 = Debug|Any CPU
		{AE2FE222-35CA-41DD-A0F2-41056E4D3BAD}.Release|Any CPU.ActiveCfg = Release|Any CPU
		{AE2FE222-35CA-41DD-A0F2-41056E4D3BAD}.Release|Any CPU.Build.0 = Release|Any CPU
		{752516DF-E126-40F6-8445-7BBCE88896FA}.Debug|Any CPU.ActiveCfg = Debug|Any CPU
		{752516DF-E126-40F6-8445-7BBCE88896FA}.Debug|Any CPU.Build.0 = Debug|Any CPU
		{752516DF-E126-40F6-8445-7BBCE88896FA}.Release|Any CPU.ActiveCfg = Release|Any CPU
		{752516DF-E126-40F6-8445-7BBCE88896FA}.Release|Any CPU.Build.0 = Release|Any CPU
		{9AFE3C8A-5731-4EEB-A7EB-376FCCD1B39E}.Debug|Any CPU.ActiveCfg = Debug|Any CPU
		{9AFE3C8A-5731-4EEB-A7EB-376FCCD1B39E}.Debug|Any CPU.Build.0 = Debug|Any CPU
		{9AFE3C8A-5731-4EEB-A7EB-376FCCD1B39E}.Release|Any CPU.ActiveCfg = Release|Any CPU
		{9AFE3C8A-5731-4EEB-A7EB-376FCCD1B39E}.Release|Any CPU.Build.0 = Release|Any CPU
		{00023DD4-0042-476C-92C1-066A53B6CD98}.Debug|Any CPU.ActiveCfg = Debug|Any CPU
		{00023DD4-0042-476C-92C1-066A53B6CD98}.Debug|Any CPU.Build.0 = Debug|Any CPU
		{00023DD4-0042-476C-92C1-066A53B6CD98}.Release|Any CPU.ActiveCfg = Release|Any CPU
		{00023DD4-0042-476C-92C1-066A53B6CD98}.Release|Any CPU.Build.0 = Release|Any CPU
		{74EDF06F-2777-42C2-8129-3F421246EF4C}.Debug|Any CPU.ActiveCfg = Debug|Any CPU
		{74EDF06F-2777-42C2-8129-3F421246EF4C}.Debug|Any CPU.Build.0 = Debug|Any CPU
		{74EDF06F-2777-42C2-8129-3F421246EF4C}.Release|Any CPU.ActiveCfg = Release|Any CPU
		{74EDF06F-2777-42C2-8129-3F421246EF4C}.Release|Any CPU.Build.0 = Release|Any CPU
		{114DEF1A-9EC6-4D97-9834-03AEBF399BA2}.Debug|Any CPU.ActiveCfg = Debug|Any CPU
		{114DEF1A-9EC6-4D97-9834-03AEBF399BA2}.Debug|Any CPU.Build.0 = Debug|Any CPU
		{114DEF1A-9EC6-4D97-9834-03AEBF399BA2}.Release|Any CPU.ActiveCfg = Release|Any CPU
		{114DEF1A-9EC6-4D97-9834-03AEBF399BA2}.Release|Any CPU.Build.0 = Release|Any CPU
		{8083FD78-2EEA-4D71-B1CA-7AF66D3DA10D}.Debug|Any CPU.ActiveCfg = Debug|Any CPU
		{8083FD78-2EEA-4D71-B1CA-7AF66D3DA10D}.Debug|Any CPU.Build.0 = Debug|Any CPU
		{8083FD78-2EEA-4D71-B1CA-7AF66D3DA10D}.Release|Any CPU.ActiveCfg = Release|Any CPU
		{8083FD78-2EEA-4D71-B1CA-7AF66D3DA10D}.Release|Any CPU.Build.0 = Release|Any CPU
		{A662A826-8DB4-4ECF-97F5-B48A424C958E}.Debug|Any CPU.ActiveCfg = Debug|Any CPU
		{A662A826-8DB4-4ECF-97F5-B48A424C958E}.Debug|Any CPU.Build.0 = Debug|Any CPU
		{A662A826-8DB4-4ECF-97F5-B48A424C958E}.Release|Any CPU.ActiveCfg = Release|Any CPU
		{A662A826-8DB4-4ECF-97F5-B48A424C958E}.Release|Any CPU.Build.0 = Release|Any CPU
		{0AAFBEB6-F43D-4FC0-AC18-186DF52C7045}.Debug|Any CPU.ActiveCfg = Debug|Any CPU
		{0AAFBEB6-F43D-4FC0-AC18-186DF52C7045}.Debug|Any CPU.Build.0 = Debug|Any CPU
		{0AAFBEB6-F43D-4FC0-AC18-186DF52C7045}.Release|Any CPU.ActiveCfg = Release|Any CPU
		{0AAFBEB6-F43D-4FC0-AC18-186DF52C7045}.Release|Any CPU.Build.0 = Release|Any CPU
		{DFB228CA-3387-46C7-8B7F-5AB4E629E5B3}.Debug|Any CPU.ActiveCfg = Debug|Any CPU
		{DFB228CA-3387-46C7-8B7F-5AB4E629E5B3}.Debug|Any CPU.Build.0 = Debug|Any CPU
		{DFB228CA-3387-46C7-8B7F-5AB4E629E5B3}.Release|Any CPU.ActiveCfg = Release|Any CPU
		{DFB228CA-3387-46C7-8B7F-5AB4E629E5B3}.Release|Any CPU.Build.0 = Release|Any CPU
		{F775D99B-DCFF-4E56-8A51-F67FEAFDE581}.Debug|Any CPU.ActiveCfg = Debug|Any CPU
		{F775D99B-DCFF-4E56-8A51-F67FEAFDE581}.Debug|Any CPU.Build.0 = Debug|Any CPU
		{F775D99B-DCFF-4E56-8A51-F67FEAFDE581}.Release|Any CPU.ActiveCfg = Release|Any CPU
		{F775D99B-DCFF-4E56-8A51-F67FEAFDE581}.Release|Any CPU.Build.0 = Release|Any CPU
		{CBA1C570-DEC7-429F-B39C-B764A18903CE}.Debug|Any CPU.ActiveCfg = Debug|Any CPU
		{CBA1C570-DEC7-429F-B39C-B764A18903CE}.Debug|Any CPU.Build.0 = Debug|Any CPU
		{CBA1C570-DEC7-429F-B39C-B764A18903CE}.Release|Any CPU.ActiveCfg = Release|Any CPU
		{CBA1C570-DEC7-429F-B39C-B764A18903CE}.Release|Any CPU.Build.0 = Release|Any CPU
		{BF2B1571-57AA-4449-A129-B59C2FC2C222}.Debug|Any CPU.ActiveCfg = Debug|Any CPU
		{BF2B1571-57AA-4449-A129-B59C2FC2C222}.Debug|Any CPU.Build.0 = Debug|Any CPU
		{BF2B1571-57AA-4449-A129-B59C2FC2C222}.Release|Any CPU.ActiveCfg = Release|Any CPU
		{BF2B1571-57AA-4449-A129-B59C2FC2C222}.Release|Any CPU.Build.0 = Release|Any CPU
		{E1AA4108-969E-4502-B3A4-3D16C25520C7}.Debug|Any CPU.ActiveCfg = Debug|Any CPU
		{E1AA4108-969E-4502-B3A4-3D16C25520C7}.Debug|Any CPU.Build.0 = Debug|Any CPU
		{E1AA4108-969E-4502-B3A4-3D16C25520C7}.Release|Any CPU.ActiveCfg = Release|Any CPU
		{E1AA4108-969E-4502-B3A4-3D16C25520C7}.Release|Any CPU.Build.0 = Release|Any CPU
		{15C19F52-0BFA-4365-A525-A01E681D5C15}.Debug|Any CPU.ActiveCfg = Debug|Any CPU
		{15C19F52-0BFA-4365-A525-A01E681D5C15}.Debug|Any CPU.Build.0 = Debug|Any CPU
		{15C19F52-0BFA-4365-A525-A01E681D5C15}.Release|Any CPU.ActiveCfg = Release|Any CPU
		{15C19F52-0BFA-4365-A525-A01E681D5C15}.Release|Any CPU.Build.0 = Release|Any CPU
	EndGlobalSection
	GlobalSection(SolutionProperties) = preSolution
		HideSolutionNode = FALSE
	EndGlobalSection
	GlobalSection(NestedProjects) = preSolution
		{1050BAAF-7204-49D3-A7C4-685C00C64DAD} = {661734AF-8A60-4E7E-AA13-599CFB077999}
		{DA52108E-714C-4966-8B78-D8B321D033A2} = {661734AF-8A60-4E7E-AA13-599CFB077999}
		{AE2FE222-35CA-41DD-A0F2-41056E4D3BAD} = {661734AF-8A60-4E7E-AA13-599CFB077999}
		{752516DF-E126-40F6-8445-7BBCE88896FA} = {661734AF-8A60-4E7E-AA13-599CFB077999}
		{9AFE3C8A-5731-4EEB-A7EB-376FCCD1B39E} = {661734AF-8A60-4E7E-AA13-599CFB077999}
		{00023DD4-0042-476C-92C1-066A53B6CD98} = {7E484E5E-E2B8-4B56-A108-14C6FF6DA12C}
		{74EDF06F-2777-42C2-8129-3F421246EF4C} = {7E484E5E-E2B8-4B56-A108-14C6FF6DA12C}
		{114DEF1A-9EC6-4D97-9834-03AEBF399BA2} = {7E484E5E-E2B8-4B56-A108-14C6FF6DA12C}
		{8083FD78-2EEA-4D71-B1CA-7AF66D3DA10D} = {7E484E5E-E2B8-4B56-A108-14C6FF6DA12C}
		{A662A826-8DB4-4ECF-97F5-B48A424C958E} = {7E484E5E-E2B8-4B56-A108-14C6FF6DA12C}
		{0AAFBEB6-F43D-4FC0-AC18-186DF52C7045} = {7E484E5E-E2B8-4B56-A108-14C6FF6DA12C}
		{DFB228CA-3387-46C7-8B7F-5AB4E629E5B3} = {7E484E5E-E2B8-4B56-A108-14C6FF6DA12C}
		{F775D99B-DCFF-4E56-8A51-F67FEAFDE581} = {E8BDFC14-D8AC-4716-A54A-EF6394C8A87E}
		{CBA1C570-DEC7-429F-B39C-B764A18903CE} = {E8BDFC14-D8AC-4716-A54A-EF6394C8A87E}
		{BF2B1571-57AA-4449-A129-B59C2FC2C222} = {E8BDFC14-D8AC-4716-A54A-EF6394C8A87E}
		{E1AA4108-969E-4502-B3A4-3D16C25520C7} = {E8BDFC14-D8AC-4716-A54A-EF6394C8A87E}
		{15C19F52-0BFA-4365-A525-A01E681D5C15} = {E8BDFC14-D8AC-4716-A54A-EF6394C8A87E}
	EndGlobalSection
	GlobalSection(ExtensibilityGlobals) = postSolution
		SolutionGuid = {4753C81F-C3CC-4B2C-BA17-C1B223C19567}
	EndGlobalSection
EndGlobal
