
Microsoft Visual Studio Solution File, Format Version 12.00
# Visual Studio Version 17
VisualStudioVersion = 17.1.32319.34
MinimumVisualStudioVersion = 10.0.40219.1
Project("{9A19103F-16F7-4668-BE54-9A1E7A4F7556}") = "Factory_Method", "Factory_Method\Factory_Method.csproj", "{1050BAAF-7204-49D3-A7C4-685C00C64DAD}"
EndProject
Project("{9A19103F-16F7-4668-BE54-9A1E7A4F7556}") = "Abstract_Factory", "Abstract_Factory\Abstract_Factory.csproj", "{DA52108E-714C-4966-8B78-D8B321D033A2}"
EndProject
Project("{9A19103F-16F7-4668-BE54-9A1E7A4F7556}") = "Builder", "Builder\Builder.csproj", "{AE2FE222-35CA-41DD-A0F2-41056E4D3BAD}"
EndProject
Project("{9A19103F-16F7-4668-BE54-9A1E7A4F7556}") = "Prototype", "Prototype\Prototype.csproj", "{752516DF-E126-40F6-8445-7BBCE88896FA}"
EndProject
Project("{9A19103F-16F7-4668-BE54-9A1E7A4F7556}") = "Singleton", "Singleton\Singleton.csproj", "{9AFE3C8A-5731-4EEB-A7EB-376FCCD1B39E}"
EndProject
Project("{9A19103F-16F7-4668-BE54-9A1E7A4F7556}") = "Adapter", "Adapter\Adapter.csproj", "{00023DD4-0042-476C-92C1-066A53B6CD98}"
EndProject
Project("{FAE04EC0-301F-11D3-BF4B-00C04F79EFBC}") = "Bridge", "Bridge\Bridge.csproj", "{74EDF06F-2777-42C2-8129-3F421246EF4C}"
EndProject
Global
	GlobalSection(SolutionConfigurationPlatforms) = preSolution
		Debug|Any CPU = Debug|Any CPU
		Release|Any CPU = Release|Any CPU
	EndGlobalSection
	GlobalSection(ProjectConfigurationPlatforms) = postSolution
		{1050BAAF-7204-49D3-A7C4-685C00C64DAD}.Debug|Any CPU.ActiveCfg = Debug|Any CPU
		{1050BAAF-7204-49D3-A7C4-685C00C64DAD}.Debug|Any CPU.Build.0 = Debug|Any CPU
		{1050BAAF-7204-49D3-A7C4-685C00C64DAD}.Release|Any CPU.ActiveCfg = Release|Any CPU
		{1050BAAF-7204-49D3-A7C4-685C00C64DAD}.Release|Any CPU.Build.0 = Release|Any CPU
		{DA52108E-714C-4966-8B78-D8B321D033A2}.Debug|Any CPU.ActiveCfg = Debug|Any CPU
		{DA52108E-714C-4966-8B78-D8B321D033A2}.Debug|Any CPU.Build.0 = Debug|Any CPU
		{DA52108E-714C-4966-8B78-D8B321D033A2}.Release|Any CPU.ActiveCfg = Release|Any CPU
		{DA52108E-714C-4966-8B78-D8B321D033A2}.Release|Any CPU.Build.0 = Release|Any CPU
		{AE2FE222-35CA-41DD-A0F2-41056E4D3BAD}.Debug|Any CPU.ActiveCfg = Debug|Any CPU
		{AE2FE222-35CA-41DD-A0F2-41056E4D3BAD}.Debug|Any CPU.Build.0 = Debug|Any CPU
		{AE2FE222-35CA-41DD-A0F2-41056E4D3BAD}.Release|Any CPU.ActiveCfg = Release|Any CPU
		{AE2FE222-35CA-41DD-A0F2-41056E4D3BAD}.Release|Any CPU.Build.0 = Release|Any CPU
		{752516DF-E126-40F6-8445-7BBCE88896FA}.Debug|Any CPU.ActiveCfg = Debug|Any CPU
		{752516DF-E126-40F6-8445-7BBCE88896FA}.Debug|Any CPU.Build.0 = Debug|Any CPU
		{752516DF-E126-40F6-8445-7BBCE88896FA}.Release|Any CPU.ActiveCfg = Release|Any CPU
		{752516DF-E126-40F6-8445-7BBCE88896FA}.Release|Any CPU.Build.0 = Release|Any CPU
		{9AFE3C8A-5731-4EEB-A7EB-376FCCD1B39E}.Debug|Any CPU.ActiveCfg = Debug|Any CPU
		{9AFE3C8A-5731-4EEB-A7EB-376FCCD1B39E}.Debug|Any CPU.Build.0 = Debug|Any CPU
		{9AFE3C8A-5731-4EEB-A7EB-376FCCD1B39E}.Release|Any CPU.ActiveCfg = Release|Any CPU
		{9AFE3C8A-5731-4EEB-A7EB-376FCCD1B39E}.Release|Any CPU.Build.0 = Release|Any CPU
		{00023DD4-0042-476C-92C1-066A53B6CD98}.Debug|Any CPU.ActiveCfg = Debug|Any CPU
		{00023DD4-0042-476C-92C1-066A53B6CD98}.Debug|Any CPU.Build.0 = Debug|Any CPU
		{00023DD4-0042-476C-92C1-066A53B6CD98}.Release|Any CPU.ActiveCfg = Release|Any CPU
		{00023DD4-0042-476C-92C1-066A53B6CD98}.Release|Any CPU.Build.0 = Release|Any CPU
		{74EDF06F-2777-42C2-8129-3F421246EF4C}.Debug|Any CPU.ActiveCfg = Debug|Any CPU
		{74EDF06F-2777-42C2-8129-3F421246EF4C}.Debug|Any CPU.Build.0 = Debug|Any CPU
		{74EDF06F-2777-42C2-8129-3F421246EF4C}.Release|Any CPU.ActiveCfg = Release|Any CPU
		{74EDF06F-2777-42C2-8129-3F421246EF4C}.Release|Any CPU.Build.0 = Release|Any CPU
	EndGlobalSection
	GlobalSection(SolutionProperties) = preSolution
		HideSolutionNode = FALSE
	EndGlobalSection
	GlobalSection(ExtensibilityGlobals) = postSolution
		SolutionGuid = {4753C81F-C3CC-4B2C-BA17-C1B223C19567}
	EndGlobalSection
EndGlobal
